// !$*UTF8*$!
{
	archiveVersion = 1;
	classes = {
	};
	objectVersion = 46;
	objects = {

/* Begin PBXBuildFile section */
		C8B927E81F0D8BBF003B89EB /* AppDelegate.swift in Sources */ = {isa = PBXBuildFile; fileRef = C8B927E71F0D8BBF003B89EB /* AppDelegate.swift */; };
		C8B927EA1F0D8BBF003B89EB /* ViewController.swift in Sources */ = {isa = PBXBuildFile; fileRef = C8B927E91F0D8BBF003B89EB /* ViewController.swift */; };
		C8B927ED1F0D8BBF003B89EB /* Main.storyboard in Resources */ = {isa = PBXBuildFile; fileRef = C8B927EB1F0D8BBF003B89EB /* Main.storyboard */; };
		C8B927EF1F0D8BBF003B89EB /* Assets.xcassets in Resources */ = {isa = PBXBuildFile; fileRef = C8B927EE1F0D8BBF003B89EB /* Assets.xcassets */; };
		C8B927F21F0D8BBF003B89EB /* LaunchScreen.storyboard in Resources */ = {isa = PBXBuildFile; fileRef = C8B927F01F0D8BBF003B89EB /* LaunchScreen.storyboard */; };
/* End PBXBuildFile section */

/* Begin PBXFileReference section */
		C8B927E41F0D8BBF003B89EB /* WBWaveformView.app */ = {isa = PBXFileReference; explicitFileType = wrapper.application; includeInIndex = 0; path = WBWaveformView.app; sourceTree = BUILT_PRODUCTS_DIR; };
		C8B927E71F0D8BBF003B89EB /* AppDelegate.swift */ = {isa = PBXFileReference; lastKnownFileType = sourcecode.swift; path = AppDelegate.swift; sourceTree = "<group>"; };
		C8B927E91F0D8BBF003B89EB /* ViewController.swift */ = {isa = PBXFileReference; lastKnownFileType = sourcecode.swift; path = ViewController.swift; sourceTree = "<group>"; };
		C8B927EC1F0D8BBF003B89EB /* Base */ = {isa = PBXFileReference; lastKnownFileType = file.storyboard; name = Base; path = Base.lproj/Main.storyboard; sourceTree = "<group>"; };
		C8B927EE1F0D8BBF003B89EB /* Assets.xcassets */ = {isa = PBXFileReference; lastKnownFileType = folder.assetcatalog; path = Assets.xcassets; sourceTree = "<group>"; };
		C8B927F11F0D8BBF003B89EB /* Base */ = {isa = PBXFileReference; lastKnownFileType = file.storyboard; name = Base; path = Base.lproj/LaunchScreen.storyboard; sourceTree = "<group>"; };
		C8B927F31F0D8BBF003B89EB /* Info.plist */ = {isa = PBXFileReference; lastKnownFileType = text.plist.xml; path = Info.plist; sourceTree = "<group>"; };
/* End PBXFileReference section */

/* Begin PBXFrameworksBuildPhase section */
		C8B927E11F0D8BBF003B89EB /* Frameworks */ = {
			isa = PBXFrameworksBuildPhase;
			buildActionMask = 2147483647;
			files = (
			);
			runOnlyForDeploymentPostprocessing = 0;
		};
/* End PBXFrameworksBuildPhase section */

/* Begin PBXGroup section */
		C8B927DB1F0D8BBE003B89EB = {
			isa = PBXGroup;
			children = (
				C8B927E61F0D8BBF003B89EB /* WBWaveformView */,
				C8B927E51F0D8BBF003B89EB /* Products */,
			);
			sourceTree = "<group>";
		};
		C8B927E51F0D8BBF003B89EB /* Products */ = {
			isa = PBXGroup;
			children = (
				C8B927E41F0D8BBF003B89EB /* WBWaveformView.app */,
			);
			name = Products;
			sourceTree = "<group>";
		};
		C8B927E61F0D8BBF003B89EB /* WBWaveformView */ = {
			isa = PBXGroup;
			children = (
				C8B927E71F0D8BBF003B89EB /* AppDelegate.swift */,
				C8B927E91F0D8BBF003B89EB /* ViewController.swift */,
				C8B927EB1F0D8BBF003B89EB /* Main.storyboard */,
				C8B927EE1F0D8BBF003B89EB /* Assets.xcassets */,
				C8B927F01F0D8BBF003B89EB /* LaunchScreen.storyboard */,
				C8B927F31F0D8BBF003B89EB /* Info.plist */,
			);
			path = WBWaveformView;
			sourceTree = "<group>";
		};
/* End PBXGroup section */

/* Begin PBXNativeTarget section */
		C8B927E31F0D8BBF003B89EB /* WBWaveformView */ = {
			isa = PBXNativeTarget;
			buildConfigurationList = C8B927F61F0D8BBF003B89EB /* Build configuration list for PBXNativeTarget "WBWaveformView" */;
			buildPhases = (
				C8B927E01F0D8BBF003B89EB /* Sources */,
				C8B927E11F0D8BBF003B89EB /* Frameworks */,
				C8B927E21F0D8BBF003B89EB /* Resources */,
			);
			buildRules = (
			);
			dependencies = (
			);
			name = WBWaveformView;
			productName = WBWaveformView;
			productReference = C8B927E41F0D8BBF003B89EB /* WBWaveformView.app */;
			productType = "com.apple.product-type.application";
		};
/* End PBXNativeTarget section */

/* Begin PBXProject section */
		C8B927DC1F0D8BBE003B89EB /* Project object */ = {
			isa = PBXProject;
			attributes = {
				LastSwiftUpdateCheck = 0820;
				LastUpgradeCheck = 0820;
				ORGANIZATIONNAME = "Wesley Bevins";
				TargetAttributes = {
					C8B927E31F0D8BBF003B89EB = {
						CreatedOnToolsVersion = 8.2.1;
						ProvisioningStyle = Automatic;
					};
				};
			};
			buildConfigurationList = C8B927DF1F0D8BBE003B89EB /* Build configuration list for PBXProject "WBWaveformView" */;
			compatibilityVersion = "Xcode 3.2";
			developmentRegion = English;
			hasScannedForEncodings = 0;
			knownRegions = (
				en,
				Base,
			);
			mainGroup = C8B927DB1F0D8BBE003B89EB;
			productRefGroup = C8B927E51F0D8BBF003B89EB /* Products */;
			projectDirPath = "";
			projectRoot = "";
			targets = (
				C8B927E31F0D8BBF003B89EB /* WBWaveformView */,
			);
		};
/* End PBXProject section */

/* Begin PBXResourcesBuildPhase section */
		C8B927E21F0D8BBF003B89EB /* Resources */ = {
			isa = PBXResourcesBuildPhase;
			buildActionMask = 2147483647;
			files = (
				C8B927F21F0D8BBF003B89EB /* LaunchScreen.storyboard in Resources */,
				C8B927EF1F0D8BBF003B89EB /* Assets.xcassets in Resources */,
				C8B927ED1F0D8BBF003B89EB /* Main.storyboard in Resources */,
			);
			runOnlyForDeploymentPostprocessing = 0;
		};
/* End PBXResourcesBuildPhase section */

/* Begin PBXSourcesBuildPhase section */
		C8B927E01F0D8BBF003B89EB /* Sources */ = {
			isa = PBXSourcesBuildPhase;
			buildActionMask = 2147483647;
			files = (
				C8B927EA1F0D8BBF003B89EB /* ViewController.swift in Sources */,
				C8B927E81F0D8BBF003B89EB /* AppDelegate.swift in Sources */,
			);
			runOnlyForDeploymentPostprocessing = 0;
		};
/* End PBXSourcesBuildPhase section */

/* Begin PBXVariantGroup section */
		C8B927EB1F0D8BBF003B89EB /* Main.storyboard */ = {
			isa = PBXVariantGroup;
			children = (
				C8B927EC1F0D8BBF003B89EB /* Base */,
			);
			name = Main.storyboard;
			sourceTree = "<group>";
		};
		C8B927F01F0D8BBF003B89EB /* LaunchScreen.storyboard */ = {
			isa = PBXVariantGroup;
			children = (
				C8B927F11F0D8BBF003B89EB /* Base */,
			);
			name = LaunchScreen.storyboard;
			sourceTree = "<group>";
		};
/* End PBXVariantGroup section */

/* Begin XCBuildConfiguration section */
		C8B927F41F0D8BBF003B89EB /* Debug */ = {
			isa = XCBuildConfiguration;
			buildSettings = {
				ALWAYS_SEARCH_USER_PATHS = NO;
				CLANG_ANALYZER_NONNULL = YES;
				CLANG_CXX_LANGUAGE_STANDARD = "gnu++0x";
				CLANG_CXX_LIBRARY = "libc++";
				CLANG_ENABLE_MODULES = YES;
				CLANG_ENABLE_OBJC_ARC = YES;
				CLANG_WARN_BOOL_CONVERSION = YES;
				CLANG_WARN_CONSTANT_CONVERSION = YES;
				CLANG_WARN_DIRECT_OBJC_ISA_USAGE = YES_ERROR;
				CLANG_WARN_DOCUMENTATION_COMMENTS = YES;
				CLANG_WARN_EMPTY_BODY = YES;
				CLANG_WARN_ENUM_CONVERSION = YES;
				CLANG_WARN_INFINITE_RECURSION = YES;
				CLANG_WARN_INT_CONVERSION = YES;
				CLANG_WARN_OBJC_ROOT_CLASS = YES_ERROR;
				CLANG_WARN_SUSPICIOUS_MOVE = YES;
				CLANG_WARN_UNREACHABLE_CODE = YES;
				CLANG_WARN__DUPLICATE_METHOD_MATCH = YES;
				"CODE_SIGN_IDENTITY[sdk=iphoneos*]" = "iPhone Developer";
				COPY_PHASE_STRIP = NO;
				DEBUG_INFORMATION_FORMAT = dwarf;
				ENABLE_STRICT_OBJC_MSGSEND = YES;
				ENABLE_TESTABILITY = YES;
				GCC_C_LANGUAGE_STANDARD = gnu99;
				GCC_DYNAMIC_NO_PIC = NO;
				GCC_NO_COMMON_BLOCKS = YES;
				GCC_OPTIMIZATION_LEVEL = 0;
				GCC_PREPROCESSOR_DEFINITIONS = (
					"DEBUG=1",
					"$(inherited)",
				);
				GCC_WARN_64_TO_32_BIT_CONVERSION = YES;
				GCC_WARN_ABOUT_RETURN_TYPE = YES_ERROR;
				GCC_WARN_UNDECLARED_SELECTOR = YES;
				GCC_WARN_UNINITIALIZED_AUTOS = YES_AGGRESSIVE;
				GCC_WARN_UNUSED_FUNCTION = YES;
				GCC_WARN_UNUSED_VARIABLE = YES;
				IPHONEOS_DEPLOYMENT_TARGET = 10.2;
				MTL_ENABLE_DEBUG_INFO = YES;
				ONLY_ACTIVE_ARCH = YES;
				SDKROOT = iphoneos;
				SWIFT_ACTIVE_COMPILATION_CONDITIONS = DEBUG;
				SWIFT_OPTIMIZATION_LEVEL = "-Onone";
				TARGETED_DEVICE_FAMILY = "1,2";
			};
			name = Debug;
		};
		C8B927F51F0D8BBF003B89EB /* Release */ = {
			isa = XCBuildConfiguration;
			buildSettings = {
				ALWAYS_SEARCH_USER_PATHS = NO;
				CLANG_ANALYZER_NONNULL = YES;
				CLANG_CXX_LANGUAGE_STANDARD = "gnu++0x";
				CLANG_CXX_LIBRARY = "libc++";
				CLANG_ENABLE_MODULES = YES;
				CLANG_ENABLE_OBJC_ARC = YES;
				CLANG_WARN_BOOL_CONVERSION = YES;
				CLANG_WARN_CONSTANT_CONVERSION = YES;
				CLANG_WARN_DIRECT_OBJC_ISA_USAGE = YES_ERROR;
				CLANG_WARN_DOCUMENTATION_COMMENTS = YES;
				CLANG_WARN_EMPTY_BODY = YES;
				CLANG_WARN_ENUM_CONVERSION = YES;
				CLANG_WARN_INFINITE_RECURSION = YES;
				CLANG_WARN_INT_CONVERSION = YES;
				CLANG_WARN_OBJC_ROOT_CLASS = YES_ERROR;
				CLANG_WARN_SUSPICIOUS_MOVE = YES;
				CLANG_WARN_UNREACHABLE_CODE = YES;
				CLANG_WARN__DUPLICATE_METHOD_MATCH = YES;
				"CODE_SIGN_IDENTITY[sdk=iphoneos*]" = "iPhone Developer";
				COPY_PHASE_STRIP = NO;
				DEBUG_INFORMATION_FORMAT = "dwarf-with-dsym";
				ENABLE_NS_ASSERTIONS = NO;
				ENABLE_STRICT_OBJC_MSGSEND = YES;
				GCC_C_LANGUAGE_STANDARD = gnu99;
				GCC_NO_COMMON_BLOCKS = YES;
				GCC_WARN_64_TO_32_BIT_CONVERSION = YES;
				GCC_WARN_ABOUT_RETURN_TYPE = YES_ERROR;
				GCC_WARN_UNDECLARED_SELECTOR = YES;
				GCC_WARN_UNINITIALIZED_AUTOS = YES_AGGRESSIVE;
				GCC_WARN_UNUSED_FUNCTION = YES;
				GCC_WARN_UNUSED_VARIABLE = YES;
				IPHONEOS_DEPLOYMENT_TARGET = 10.2;
				MTL_ENABLE_DEBUG_INFO = NO;
				SDKROOT = iphoneos;
				SWIFT_OPTIMIZATION_LEVEL = "-Owholemodule";
				TARGETED_DEVICE_FAMILY = "1,2";
				VALIDATE_PRODUCT = YES;
			};
			name = Release;
		};
		C8B927F71F0D8BBF003B89EB /* Debug */ = {
			isa = XCBuildConfiguration;
			buildSettings = {
				ASSETCATALOG_COMPILER_APPICON_NAME = AppIcon;
				INFOPLIST_FILE = WBWaveformView/Info.plist;
				LD_RUNPATH_SEARCH_PATHS = "$(inherited) @executable_path/Frameworks";
				PRODUCT_BUNDLE_IDENTIFIER = com.WesleyBevins.WBWaveformView;
				PRODUCT_NAME = "$(TARGET_NAME)";
				SWIFT_VERSION = 3.0;
			};
			name = Debug;
		};
		C8B927F81F0D8BBF003B89EB /* Release */ = {
			isa = XCBuildConfiguration;
			buildSettings = {
				ASSETCATALOG_COMPILER_APPICON_NAME = AppIcon;
				INFOPLIST_FILE = WBWaveformView/Info.plist;
				LD_RUNPATH_SEARCH_PATHS = "$(inherited) @executable_path/Frameworks";
				PRODUCT_BUNDLE_IDENTIFIER = com.WesleyBevins.WBWaveformView;
				PRODUCT_NAME = "$(TARGET_NAME)";
				SWIFT_VERSION = 3.0;
			};
			name = Release;
		};
/* End XCBuildConfiguration section */

/* Begin XCConfigurationList section */
		C8B927DF1F0D8BBE003B89EB /* Build configuration list for PBXProject "WBWaveformView" */ = {
			isa = XCConfigurationList;
			buildConfigurations = (
				C8B927F41F0D8BBF003B89EB /* Debug */,
				C8B927F51F0D8BBF003B89EB /* Release */,
			);
			defaultConfigurationIsVisible = 0;
			defaultConfigurationName = Release;
		};
		C8B927F61F0D8BBF003B89EB /* Build configuration list for PBXNativeTarget "WBWaveformView" */ = {
			isa = XCConfigurationList;
			buildConfigurations = (
				C8B927F71F0D8BBF003B89EB /* Debug */,
				C8B927F81F0D8BBF003B89EB /* Release */,
			);
			defaultConfigurationIsVisible = 0;
		};
/* End XCConfigurationList section */
	};
	rootObject = C8B927DC1F0D8BBE003B89EB /* Project object */;
}
